
Microsoft Visual Studio Solution File, Format Version 12.00
# Visual Studio Version 16
VisualStudioVersion = 16.0.33423.256
MinimumVisualStudioVersion = 10.0.40219.1
Project("{FAE04EC0-301F-11D3-BF4B-00C04F79EFBC}") = "BubbleSort", "BubbleSort\BubbleSort.csproj", "{FB8310A7-978F-4681-BDA8-89F687D7A272}"
EndProject
Project("{FAE04EC0-301F-11D3-BF4B-00C04F79EFBC}") = "SelectSort", "SelectSort\SelectSort.csproj", "{E168D8D5-BA9F-456A-9E4F-6591B20C100F}"
EndProject
Project("{FAE04EC0-301F-11D3-BF4B-00C04F79EFBC}") = "InsertSort", "InsertSort\InsertSort.csproj", "{66F648BA-CA29-410D-8685-DCD6D87F9752}"
EndProject
Project("{FAE04EC0-301F-11D3-BF4B-00C04F79EFBC}") = "test", "test\test.csproj", "{F4310E67-86F3-4BA5-9BF3-80320C6B7BDD}"
EndProject
Project("{FAE04EC0-301F-11D3-BF4B-00C04F79EFBC}") = "MergeSort", "MergeSort\MergeSort.csproj", "{1C701725-80F0-4629-80E9-C1A232E80657}"
EndProject
Global
	GlobalSection(SolutionConfigurationPlatforms) = preSolution
		Debug|Any CPU = Debug|Any CPU
		Release|Any CPU = Release|Any CPU
	EndGlobalSection
	GlobalSection(ProjectConfigurationPlatforms) = postSolution
		{FB8310A7-978F-4681-BDA8-89F687D7A272}.Debug|Any CPU.ActiveCfg = Debug|Any CPU
		{FB8310A7-978F-4681-BDA8-89F687D7A272}.Debug|Any CPU.Build.0 = Debug|Any CPU
		{FB8310A7-978F-4681-BDA8-89F687D7A272}.Release|Any CPU.ActiveCfg = Release|Any CPU
		{FB8310A7-978F-4681-BDA8-89F687D7A272}.Release|Any CPU.Build.0 = Release|Any CPU
		{E168D8D5-BA9F-456A-9E4F-6591B20C100F}.Debug|Any CPU.ActiveCfg = Debug|Any CPU
		{E168D8D5-BA9F-456A-9E4F-6591B20C100F}.Debug|Any CPU.Build.0 = Debug|Any CPU
		{E168D8D5-BA9F-456A-9E4F-6591B20C100F}.Release|Any CPU.ActiveCfg = Release|Any CPU
		{E168D8D5-BA9F-456A-9E4F-6591B20C100F}.Release|Any CPU.Build.0 = Release|Any CPU
		{66F648BA-CA29-410D-8685-DCD6D87F9752}.Debug|Any CPU.ActiveCfg = Debug|Any CPU
		{66F648BA-CA29-410D-8685-DCD6D87F9752}.Debug|Any CPU.Build.0 = Debug|Any CPU
		{66F648BA-CA29-410D-8685-DCD6D87F9752}.Release|Any CPU.ActiveCfg = Release|Any CPU
		{66F648BA-CA29-410D-8685-DCD6D87F9752}.Release|Any CPU.Build.0 = Release|Any CPU
		{F4310E67-86F3-4BA5-9BF3-80320C6B7BDD}.Debug|Any CPU.ActiveCfg = Debug|Any CPU
		{F4310E67-86F3-4BA5-9BF3-80320C6B7BDD}.Debug|Any CPU.Build.0 = Debug|Any CPU
		{F4310E67-86F3-4BA5-9BF3-80320C6B7BDD}.Release|Any CPU.ActiveCfg = Release|Any CPU
		{F4310E67-86F3-4BA5-9BF3-80320C6B7BDD}.Release|Any CPU.Build.0 = Release|Any CPU
		{1C701725-80F0-4629-80E9-C1A232E80657}.Debug|Any CPU.ActiveCfg = Debug|Any CPU
		{1C701725-80F0-4629-80E9-C1A232E80657}.Debug|Any CPU.Build.0 = Debug|Any CPU
		{1C701725-80F0-4629-80E9-C1A232E80657}.Release|Any CPU.ActiveCfg = Release|Any CPU
		{1C701725-80F0-4629-80E9-C1A232E80657}.Release|Any CPU.Build.0 = Release|Any CPU
	EndGlobalSection
	GlobalSection(SolutionProperties) = preSolution
		HideSolutionNode = FALSE
	EndGlobalSection
	GlobalSection(ExtensibilityGlobals) = postSolution
		SolutionGuid = {45FBD5F7-75D7-4208-8F03-0F20D174F524}
	EndGlobalSection
EndGlobal
